// !$*UTF8*$!
{
	archiveVersion = 1;
	classes = {
	};
	objectVersion = 50;
	objects = {

/* Begin PBXBuildFile section */
		D73F8D2424772F8100BC4165 /* AppDelegate.swift in Sources */ = {isa = PBXBuildFile; fileRef = D73F8D2324772F8100BC4165 /* AppDelegate.swift */; };
		D73F8D2624772F8100BC4165 /* SceneDelegate.swift in Sources */ = {isa = PBXBuildFile; fileRef = D73F8D2524772F8100BC4165 /* SceneDelegate.swift */; };
		D73F8D2824772F8100BC4165 /* ViewController.swift in Sources */ = {isa = PBXBuildFile; fileRef = D73F8D2724772F8100BC4165 /* ViewController.swift */; };
		D73F8D2B24772F8100BC4165 /* Main.storyboard in Resources */ = {isa = PBXBuildFile; fileRef = D73F8D2924772F8100BC4165 /* Main.storyboard */; };
		D73F8D2D24772F8500BC4165 /* Assets.xcassets in Resources */ = {isa = PBXBuildFile; fileRef = D73F8D2C24772F8500BC4165 /* Assets.xcassets */; };
		D73F8D3024772F8500BC4165 /* LaunchScreen.storyboard in Resources */ = {isa = PBXBuildFile; fileRef = D73F8D2E24772F8500BC4165 /* LaunchScreen.storyboard */; };
		D73F8D3B24772F8500BC4165 /* NYPopularTests.swift in Sources */ = {isa = PBXBuildFile; fileRef = D73F8D3A24772F8500BC4165 /* NYPopularTests.swift */; };
		D73F8D4624772F8500BC4165 /* NYPopularUITests.swift in Sources */ = {isa = PBXBuildFile; fileRef = D73F8D4524772F8500BC4165 /* NYPopularUITests.swift */; };
		D73F8D582477305D00BC4165 /* NetworkLayer.swift in Sources */ = {isa = PBXBuildFile; fileRef = D73F8D542477305D00BC4165 /* NetworkLayer.swift */; };
		D73F8D592477305D00BC4165 /* APIRouter.swift in Sources */ = {isa = PBXBuildFile; fileRef = D73F8D552477305D00BC4165 /* APIRouter.swift */; };
		D73F8D5A2477305D00BC4165 /* APIHandeler.swift in Sources */ = {isa = PBXBuildFile; fileRef = D73F8D562477305D00BC4165 /* APIHandeler.swift */; };
		D73F8D5B2477305D00BC4165 /* EndPoint.swift in Sources */ = {isa = PBXBuildFile; fileRef = D73F8D572477305D00BC4165 /* EndPoint.swift */; };
		D73F8D5D247732EA00BC4165 /* Sniffer.swift in Sources */ = {isa = PBXBuildFile; fileRef = D73F8D5C247732EA00BC4165 /* Sniffer.swift */; };
		D73F8D5F247736BD00BC4165 /* Article.swift in Sources */ = {isa = PBXBuildFile; fileRef = D73F8D5E247736BD00BC4165 /* Article.swift */; };
		D73F8D6124773A1B00BC4165 /* ArticlesService.swift in Sources */ = {isa = PBXBuildFile; fileRef = D73F8D6024773A1B00BC4165 /* ArticlesService.swift */; };
		D73F8D6324773D4D00BC4165 /* ArticlesViewModel.swift in Sources */ = {isa = PBXBuildFile; fileRef = D73F8D6224773D4D00BC4165 /* ArticlesViewModel.swift */; };
		D73F8D652477420A00BC4165 /* ArticleCell.swift in Sources */ = {isa = PBXBuildFile; fileRef = D73F8D642477420A00BC4165 /* ArticleCell.swift */; };
		D73F8D67247742EF00BC4165 /* ArticlesSource.swift in Sources */ = {isa = PBXBuildFile; fileRef = D73F8D66247742EF00BC4165 /* ArticlesSource.swift */; };
		D73F8D6924774E7300BC4165 /* DetailesVC.swift in Sources */ = {isa = PBXBuildFile; fileRef = D73F8D6824774E7300BC4165 /* DetailesVC.swift */; };
/* End PBXBuildFile section */

/* Begin PBXContainerItemProxy section */
		D73F8D3724772F8500BC4165 /* PBXContainerItemProxy */ = {
			isa = PBXContainerItemProxy;
			containerPortal = D73F8D1824772F8100BC4165 /* Project object */;
			proxyType = 1;
			remoteGlobalIDString = D73F8D1F24772F8100BC4165;
			remoteInfo = NYPopular;
		};
		D73F8D4224772F8500BC4165 /* PBXContainerItemProxy */ = {
			isa = PBXContainerItemProxy;
			containerPortal = D73F8D1824772F8100BC4165 /* Project object */;
			proxyType = 1;
			remoteGlobalIDString = D73F8D1F24772F8100BC4165;
			remoteInfo = NYPopular;
		};
/* End PBXContainerItemProxy section */

/* Begin PBXFileReference section */
		D73F8D2024772F8100BC4165 /* NYPopular.app */ = {isa = PBXFileReference; explicitFileType = wrapper.application; includeInIndex = 0; path = NYPopular.app; sourceTree = BUILT_PRODUCTS_DIR; };
		D73F8D2324772F8100BC4165 /* AppDelegate.swift */ = {isa = PBXFileReference; lastKnownFileType = sourcecode.swift; path = AppDelegate.swift; sourceTree = "<group>"; };
		D73F8D2524772F8100BC4165 /* SceneDelegate.swift */ = {isa = PBXFileReference; lastKnownFileType = sourcecode.swift; path = SceneDelegate.swift; sourceTree = "<group>"; };
		D73F8D2724772F8100BC4165 /* ViewController.swift */ = {isa = PBXFileReference; lastKnownFileType = sourcecode.swift; path = ViewController.swift; sourceTree = "<group>"; };
		D73F8D2A24772F8100BC4165 /* Base */ = {isa = PBXFileReference; lastKnownFileType = file.storyboard; name = Base; path = Base.lproj/Main.storyboard; sourceTree = "<group>"; };
		D73F8D2C24772F8500BC4165 /* Assets.xcassets */ = {isa = PBXFileReference; lastKnownFileType = folder.assetcatalog; path = Assets.xcassets; sourceTree = "<group>"; };
		D73F8D2F24772F8500BC4165 /* Base */ = {isa = PBXFileReference; lastKnownFileType = file.storyboard; name = Base; path = Base.lproj/LaunchScreen.storyboard; sourceTree = "<group>"; };
		D73F8D3124772F8500BC4165 /* Info.plist */ = {isa = PBXFileReference; lastKnownFileType = text.plist.xml; path = Info.plist; sourceTree = "<group>"; };
		D73F8D3624772F8500BC4165 /* NYPopularTests.xctest */ = {isa = PBXFileReference; explicitFileType = wrapper.cfbundle; includeInIndex = 0; path = NYPopularTests.xctest; sourceTree = BUILT_PRODUCTS_DIR; };
		D73F8D3A24772F8500BC4165 /* NYPopularTests.swift */ = {isa = PBXFileReference; lastKnownFileType = sourcecode.swift; path = NYPopularTests.swift; sourceTree = "<group>"; };
		D73F8D3C24772F8500BC4165 /* Info.plist */ = {isa = PBXFileReference; lastKnownFileType = text.plist.xml; path = Info.plist; sourceTree = "<group>"; };
		D73F8D4124772F8500BC4165 /* NYPopularUITests.xctest */ = {isa = PBXFileReference; explicitFileType = wrapper.cfbundle; includeInIndex = 0; path = NYPopularUITests.xctest; sourceTree = BUILT_PRODUCTS_DIR; };
		D73F8D4524772F8500BC4165 /* NYPopularUITests.swift */ = {isa = PBXFileReference; lastKnownFileType = sourcecode.swift; path = NYPopularUITests.swift; sourceTree = "<group>"; };
		D73F8D4724772F8500BC4165 /* Info.plist */ = {isa = PBXFileReference; lastKnownFileType = text.plist.xml; path = Info.plist; sourceTree = "<group>"; };
		D73F8D542477305D00BC4165 /* NetworkLayer.swift */ = {isa = PBXFileReference; fileEncoding = 4; lastKnownFileType = sourcecode.swift; path = NetworkLayer.swift; sourceTree = "<group>"; };
		D73F8D552477305D00BC4165 /* APIRouter.swift */ = {isa = PBXFileReference; fileEncoding = 4; lastKnownFileType = sourcecode.swift; path = APIRouter.swift; sourceTree = "<group>"; };
		D73F8D562477305D00BC4165 /* APIHandeler.swift */ = {isa = PBXFileReference; fileEncoding = 4; lastKnownFileType = sourcecode.swift; path = APIHandeler.swift; sourceTree = "<group>"; };
		D73F8D572477305D00BC4165 /* EndPoint.swift */ = {isa = PBXFileReference; fileEncoding = 4; lastKnownFileType = sourcecode.swift; path = EndPoint.swift; sourceTree = "<group>"; };
		D73F8D5C247732EA00BC4165 /* Sniffer.swift */ = {isa = PBXFileReference; fileEncoding = 4; lastKnownFileType = sourcecode.swift; path = Sniffer.swift; sourceTree = "<group>"; };
		D73F8D5E247736BD00BC4165 /* Article.swift */ = {isa = PBXFileReference; lastKnownFileType = sourcecode.swift; path = Article.swift; sourceTree = "<group>"; };
		D73F8D6024773A1B00BC4165 /* ArticlesService.swift */ = {isa = PBXFileReference; lastKnownFileType = sourcecode.swift; path = ArticlesService.swift; sourceTree = "<group>"; };
		D73F8D6224773D4D00BC4165 /* ArticlesViewModel.swift */ = {isa = PBXFileReference; lastKnownFileType = sourcecode.swift; path = ArticlesViewModel.swift; sourceTree = "<group>"; };
		D73F8D642477420A00BC4165 /* ArticleCell.swift */ = {isa = PBXFileReference; lastKnownFileType = sourcecode.swift; path = ArticleCell.swift; sourceTree = "<group>"; };
		D73F8D66247742EF00BC4165 /* ArticlesSource.swift */ = {isa = PBXFileReference; lastKnownFileType = sourcecode.swift; path = ArticlesSource.swift; sourceTree = "<group>"; };
		D73F8D6824774E7300BC4165 /* DetailesVC.swift */ = {isa = PBXFileReference; lastKnownFileType = sourcecode.swift; path = DetailesVC.swift; sourceTree = "<group>"; };
/* End PBXFileReference section */

/* Begin PBXFrameworksBuildPhase section */
		D73F8D1D24772F8100BC4165 /* Frameworks */ = {
			isa = PBXFrameworksBuildPhase;
			buildActionMask = 2147483647;
			files = (
			);
			runOnlyForDeploymentPostprocessing = 0;
		};
		D73F8D3324772F8500BC4165 /* Frameworks */ = {
			isa = PBXFrameworksBuildPhase;
			buildActionMask = 2147483647;
			files = (
			);
			runOnlyForDeploymentPostprocessing = 0;
		};
		D73F8D3E24772F8500BC4165 /* Frameworks */ = {
			isa = PBXFrameworksBuildPhase;
			buildActionMask = 2147483647;
			files = (
			);
			runOnlyForDeploymentPostprocessing = 0;
		};
/* End PBXFrameworksBuildPhase section */

/* Begin PBXGroup section */
		D73F8D1724772F8100BC4165 = {
			isa = PBXGroup;
			children = (
				D73F8D2224772F8100BC4165 /* NYPopular */,
				D73F8D3924772F8500BC4165 /* NYPopularTests */,
				D73F8D4424772F8500BC4165 /* NYPopularUITests */,
				D73F8D2124772F8100BC4165 /* Products */,
			);
			sourceTree = "<group>";
		};
		D73F8D2124772F8100BC4165 /* Products */ = {
			isa = PBXGroup;
			children = (
				D73F8D2024772F8100BC4165 /* NYPopular.app */,
				D73F8D3624772F8500BC4165 /* NYPopularTests.xctest */,
				D73F8D4124772F8500BC4165 /* NYPopularUITests.xctest */,
			);
			name = Products;
			sourceTree = "<group>";
		};
		D73F8D2224772F8100BC4165 /* NYPopular */ = {
			isa = PBXGroup;
			children = (
				D73F8D2324772F8100BC4165 /* AppDelegate.swift */,
				D73F8D2524772F8100BC4165 /* SceneDelegate.swift */,
				D73F8D2724772F8100BC4165 /* ViewController.swift */,
				D73F8D6824774E7300BC4165 /* DetailesVC.swift */,
				D73F8D66247742EF00BC4165 /* ArticlesSource.swift */,
				D73F8D6224773D4D00BC4165 /* ArticlesViewModel.swift */,
				D73F8D642477420A00BC4165 /* ArticleCell.swift */,
				D73F8D2924772F8100BC4165 /* Main.storyboard */,
				D73F8D2C24772F8500BC4165 /* Assets.xcassets */,
				D73F8D2E24772F8500BC4165 /* LaunchScreen.storyboard */,
				D73F8D3124772F8500BC4165 /* Info.plist */,
				D73F8D5E247736BD00BC4165 /* Article.swift */,
				D73F8D6024773A1B00BC4165 /* ArticlesService.swift */,
				D73F8D532477305D00BC4165 /* Networking */,
			);
			path = NYPopular;
			sourceTree = "<group>";
		};
		D73F8D3924772F8500BC4165 /* NYPopularTests */ = {
			isa = PBXGroup;
			children = (
				D73F8D3A24772F8500BC4165 /* NYPopularTests.swift */,
				D73F8D3C24772F8500BC4165 /* Info.plist */,
			);
			path = NYPopularTests;
			sourceTree = "<group>";
		};
		D73F8D4424772F8500BC4165 /* NYPopularUITests */ = {
			isa = PBXGroup;
			children = (
				D73F8D4524772F8500BC4165 /* NYPopularUITests.swift */,
				D73F8D4724772F8500BC4165 /* Info.plist */,
			);
			path = NYPopularUITests;
			sourceTree = "<group>";
		};
		D73F8D532477305D00BC4165 /* Networking */ = {
			isa = PBXGroup;
			children = (
				D73F8D542477305D00BC4165 /* NetworkLayer.swift */,
				D73F8D5C247732EA00BC4165 /* Sniffer.swift */,
				D73F8D552477305D00BC4165 /* APIRouter.swift */,
				D73F8D562477305D00BC4165 /* APIHandeler.swift */,
				D73F8D572477305D00BC4165 /* EndPoint.swift */,
			);
			path = Networking;
			sourceTree = "<group>";
		};
/* End PBXGroup section */

/* Begin PBXNativeTarget section */
		D73F8D1F24772F8100BC4165 /* NYPopular */ = {
			isa = PBXNativeTarget;
			buildConfigurationList = D73F8D4A24772F8500BC4165 /* Build configuration list for PBXNativeTarget "NYPopular" */;
			buildPhases = (
				D73F8D1C24772F8100BC4165 /* Sources */,
				D73F8D1D24772F8100BC4165 /* Frameworks */,
				D73F8D1E24772F8100BC4165 /* Resources */,
			);
			buildRules = (
			);
			dependencies = (
			);
			name = NYPopular;
			productName = NYPopular;
			productReference = D73F8D2024772F8100BC4165 /* NYPopular.app */;
			productType = "com.apple.product-type.application";
		};
		D73F8D3524772F8500BC4165 /* NYPopularTests */ = {
			isa = PBXNativeTarget;
			buildConfigurationList = D73F8D4D24772F8500BC4165 /* Build configuration list for PBXNativeTarget "NYPopularTests" */;
			buildPhases = (
				D73F8D3224772F8500BC4165 /* Sources */,
				D73F8D3324772F8500BC4165 /* Frameworks */,
				D73F8D3424772F8500BC4165 /* Resources */,
			);
			buildRules = (
			);
			dependencies = (
				D73F8D3824772F8500BC4165 /* PBXTargetDependency */,
			);
			name = NYPopularTests;
			productName = NYPopularTests;
			productReference = D73F8D3624772F8500BC4165 /* NYPopularTests.xctest */;
			productType = "com.apple.product-type.bundle.unit-test";
		};
		D73F8D4024772F8500BC4165 /* NYPopularUITests */ = {
			isa = PBXNativeTarget;
			buildConfigurationList = D73F8D5024772F8500BC4165 /* Build configuration list for PBXNativeTarget "NYPopularUITests" */;
			buildPhases = (
				D73F8D3D24772F8500BC4165 /* Sources */,
				D73F8D3E24772F8500BC4165 /* Frameworks */,
				D73F8D3F24772F8500BC4165 /* Resources */,
			);
			buildRules = (
			);
			dependencies = (
				D73F8D4324772F8500BC4165 /* PBXTargetDependency */,
			);
			name = NYPopularUITests;
			productName = NYPopularUITests;
			productReference = D73F8D4124772F8500BC4165 /* NYPopularUITests.xctest */;
			productType = "com.apple.product-type.bundle.ui-testing";
		};
/* End PBXNativeTarget section */

/* Begin PBXProject section */
		D73F8D1824772F8100BC4165 /* Project object */ = {
			isa = PBXProject;
			attributes = {
				LastSwiftUpdateCheck = 1130;
				LastUpgradeCheck = 1130;
				ORGANIZATIONNAME = salah;
				TargetAttributes = {
					D73F8D1F24772F8100BC4165 = {
						CreatedOnToolsVersion = 11.3.1;
					};
					D73F8D3524772F8500BC4165 = {
						CreatedOnToolsVersion = 11.3.1;
						TestTargetID = D73F8D1F24772F8100BC4165;
					};
					D73F8D4024772F8500BC4165 = {
						CreatedOnToolsVersion = 11.3.1;
						TestTargetID = D73F8D1F24772F8100BC4165;
					};
				};
			};
			buildConfigurationList = D73F8D1B24772F8100BC4165 /* Build configuration list for PBXProject "NYPopular" */;
			compatibilityVersion = "Xcode 9.3";
			developmentRegion = en;
			hasScannedForEncodings = 0;
			knownRegions = (
				en,
				Base,
			);
			mainGroup = D73F8D1724772F8100BC4165;
			productRefGroup = D73F8D2124772F8100BC4165 /* Products */;
			projectDirPath = "";
			projectRoot = "";
			targets = (
				D73F8D1F24772F8100BC4165 /* NYPopular */,
				D73F8D3524772F8500BC4165 /* NYPopularTests */,
				D73F8D4024772F8500BC4165 /* NYPopularUITests */,
			);
		};
/* End PBXProject section */

/* Begin PBXResourcesBuildPhase section */
		D73F8D1E24772F8100BC4165 /* Resources */ = {
			isa = PBXResourcesBuildPhase;
			buildActionMask = 2147483647;
			files = (
				D73F8D3024772F8500BC4165 /* LaunchScreen.storyboard in Resources */,
				D73F8D2D24772F8500BC4165 /* Assets.xcassets in Resources */,
				D73F8D2B24772F8100BC4165 /* Main.storyboard in Resources */,
			);
			runOnlyForDeploymentPostprocessing = 0;
		};
		D73F8D3424772F8500BC4165 /* Resources */ = {
			isa = PBXResourcesBuildPhase;
			buildActionMask = 2147483647;
			files = (
			);
			runOnlyForDeploymentPostprocessing = 0;
		};
		D73F8D3F24772F8500BC4165 /* Resources */ = {
			isa = PBXResourcesBuildPhase;
			buildActionMask = 2147483647;
			files = (
			);
			runOnlyForDeploymentPostprocessing = 0;
		};
/* End PBXResourcesBuildPhase section */

/* Begin PBXSourcesBuildPhase section */
		D73F8D1C24772F8100BC4165 /* Sources */ = {
			isa = PBXSourcesBuildPhase;
			buildActionMask = 2147483647;
			files = (
				D73F8D67247742EF00BC4165 /* ArticlesSource.swift in Sources */,
				D73F8D582477305D00BC4165 /* NetworkLayer.swift in Sources */,
				D73F8D592477305D00BC4165 /* APIRouter.swift in Sources */,
				D73F8D6924774E7300BC4165 /* DetailesVC.swift in Sources */,
				D73F8D6324773D4D00BC4165 /* ArticlesViewModel.swift in Sources */,
				D73F8D5F247736BD00BC4165 /* Article.swift in Sources */,
				D73F8D2824772F8100BC4165 /* ViewController.swift in Sources */,
				D73F8D2424772F8100BC4165 /* AppDelegate.swift in Sources */,
				D73F8D2624772F8100BC4165 /* SceneDelegate.swift in Sources */,
				D73F8D6124773A1B00BC4165 /* ArticlesService.swift in Sources */,
				D73F8D652477420A00BC4165 /* ArticleCell.swift in Sources */,
				D73F8D5D247732EA00BC4165 /* Sniffer.swift in Sources */,
				D73F8D5B2477305D00BC4165 /* EndPoint.swift in Sources */,
				D73F8D5A2477305D00BC4165 /* APIHandeler.swift in Sources */,
			);
			runOnlyForDeploymentPostprocessing = 0;
		};
		D73F8D3224772F8500BC4165 /* Sources */ = {
			isa = PBXSourcesBuildPhase;
			buildActionMask = 2147483647;
			files = (
				D73F8D3B24772F8500BC4165 /* NYPopularTests.swift in Sources */,
			);
			runOnlyForDeploymentPostprocessing = 0;
		};
		D73F8D3D24772F8500BC4165 /* Sources */ = {
			isa = PBXSourcesBuildPhase;
			buildActionMask = 2147483647;
			files = (
				D73F8D4624772F8500BC4165 /* NYPopularUITests.swift in Sources */,
			);
			runOnlyForDeploymentPostprocessing = 0;
		};
/* End PBXSourcesBuildPhase section */

/* Begin PBXTargetDependency section */
		D73F8D3824772F8500BC4165 /* PBXTargetDependency */ = {
			isa = PBXTargetDependency;
			target = D73F8D1F24772F8100BC4165 /* NYPopular */;
			targetProxy = D73F8D3724772F8500BC4165 /* PBXContainerItemProxy */;
		};
		D73F8D4324772F8500BC4165 /* PBXTargetDependency */ = {
			isa = PBXTargetDependency;
			target = D73F8D1F24772F8100BC4165 /* NYPopular */;
			targetProxy = D73F8D4224772F8500BC4165 /* PBXContainerItemProxy */;
		};
/* End PBXTargetDependency section */

/* Begin PBXVariantGroup section */
		D73F8D2924772F8100BC4165 /* Main.storyboard */ = {
			isa = PBXVariantGroup;
			children = (
				D73F8D2A24772F8100BC4165 /* Base */,
			);
			name = Main.storyboard;
			sourceTree = "<group>";
		};
		D73F8D2E24772F8500BC4165 /* LaunchScreen.storyboard */ = {
			isa = PBXVariantGroup;
			children = (
				D73F8D2F24772F8500BC4165 /* Base */,
			);
			name = LaunchScreen.storyboard;
			sourceTree = "<group>";
		};
/* End PBXVariantGroup section */

/* Begin XCBuildConfiguration section */
		D73F8D4824772F8500BC4165 /* Debug */ = {
			isa = XCBuildConfiguration;
			buildSettings = {
				ALWAYS_SEARCH_USER_PATHS = NO;
				CLANG_ANALYZER_NONNULL = YES;
				CLANG_ANALYZER_NUMBER_OBJECT_CONVERSION = YES_AGGRESSIVE;
				CLANG_CXX_LANGUAGE_STANDARD = "gnu++14";
				CLANG_CXX_LIBRARY = "libc++";
				CLANG_ENABLE_MODULES = YES;
				CLANG_ENABLE_OBJC_ARC = YES;
				CLANG_ENABLE_OBJC_WEAK = YES;
				CLANG_WARN_BLOCK_CAPTURE_AUTORELEASING = YES;
				CLANG_WARN_BOOL_CONVERSION = YES;
				CLANG_WARN_COMMA = YES;
				CLANG_WARN_CONSTANT_CONVERSION = YES;
				CLANG_WARN_DEPRECATED_OBJC_IMPLEMENTATIONS = YES;
				CLANG_WARN_DIRECT_OBJC_ISA_USAGE = YES_ERROR;
				CLANG_WARN_DOCUMENTATION_COMMENTS = YES;
				CLANG_WARN_EMPTY_BODY = YES;
				CLANG_WARN_ENUM_CONVERSION = YES;
				CLANG_WARN_INFINITE_RECURSION = YES;
				CLANG_WARN_INT_CONVERSION = YES;
				CLANG_WARN_NON_LITERAL_NULL_CONVERSION = YES;
				CLANG_WARN_OBJC_IMPLICIT_RETAIN_SELF = YES;
				CLANG_WARN_OBJC_LITERAL_CONVERSION = YES;
				CLANG_WARN_OBJC_ROOT_CLASS = YES_ERROR;
				CLANG_WARN_RANGE_LOOP_ANALYSIS = YES;
				CLANG_WARN_STRICT_PROTOTYPES = YES;
				CLANG_WARN_SUSPICIOUS_MOVE = YES;
				CLANG_WARN_UNGUARDED_AVAILABILITY = YES_AGGRESSIVE;
				CLANG_WARN_UNREACHABLE_CODE = YES;
				CLANG_WARN__DUPLICATE_METHOD_MATCH = YES;
				COPY_PHASE_STRIP = NO;
				DEBUG_INFORMATION_FORMAT = dwarf;
				ENABLE_STRICT_OBJC_MSGSEND = YES;
				ENABLE_TESTABILITY = YES;
				GCC_C_LANGUAGE_STANDARD = gnu11;
				GCC_DYNAMIC_NO_PIC = NO;
				GCC_NO_COMMON_BLOCKS = YES;
				GCC_OPTIMIZATION_LEVEL = 0;
				GCC_PREPROCESSOR_DEFINITIONS = (
					"DEBUG=1",
					"$(inherited)",
				);
				GCC_WARN_64_TO_32_BIT_CONVERSION = YES;
				GCC_WARN_ABOUT_RETURN_TYPE = YES_ERROR;
				GCC_WARN_UNDECLARED_SELECTOR = YES;
				GCC_WARN_UNINITIALIZED_AUTOS = YES_AGGRESSIVE;
				GCC_WARN_UNUSED_FUNCTION = YES;
				GCC_WARN_UNUSED_VARIABLE = YES;
				IPHONEOS_DEPLOYMENT_TARGET = 13.2;
				MTL_ENABLE_DEBUG_INFO = INCLUDE_SOURCE;
				MTL_FAST_MATH = YES;
				ONLY_ACTIVE_ARCH = YES;
				SDKROOT = iphoneos;
				SWIFT_ACTIVE_COMPILATION_CONDITIONS = DEBUG;
				SWIFT_OPTIMIZATION_LEVEL = "-Onone";
			};
			name = Debug;
		};
		D73F8D4924772F8500BC4165 /* Release */ = {
			isa = XCBuildConfiguration;
			buildSettings = {
				ALWAYS_SEARCH_USER_PATHS = NO;
				CLANG_ANALYZER_NONNULL = YES;
				CLANG_ANALYZER_NUMBER_OBJECT_CONVERSION = YES_AGGRESSIVE;
				CLANG_CXX_LANGUAGE_STANDARD = "gnu++14";
				CLANG_CXX_LIBRARY = "libc++";
				CLANG_ENABLE_MODULES = YES;
				CLANG_ENABLE_OBJC_ARC = YES;
				CLANG_ENABLE_OBJC_WEAK = YES;
				CLANG_WARN_BLOCK_CAPTURE_AUTORELEASING = YES;
				CLANG_WARN_BOOL_CONVERSION = YES;
				CLANG_WARN_COMMA = YES;
				CLANG_WARN_CONSTANT_CONVERSION = YES;
				CLANG_WARN_DEPRECATED_OBJC_IMPLEMENTATIONS = YES;
				CLANG_WARN_DIRECT_OBJC_ISA_USAGE = YES_ERROR;
				CLANG_WARN_DOCUMENTATION_COMMENTS = YES;
				CLANG_WARN_EMPTY_BODY = YES;
				CLANG_WARN_ENUM_CONVERSION = YES;
				CLANG_WARN_INFINITE_RECURSION = YES;
				CLANG_WARN_INT_CONVERSION = YES;
				CLANG_WARN_NON_LITERAL_NULL_CONVERSION = YES;
				CLANG_WARN_OBJC_IMPLICIT_RETAIN_SELF = YES;
				CLANG_WARN_OBJC_LITERAL_CONVERSION = YES;
				CLANG_WARN_OBJC_ROOT_CLASS = YES_ERROR;
				CLANG_WARN_RANGE_LOOP_ANALYSIS = YES;
				CLANG_WARN_STRICT_PROTOTYPES = YES;
				CLANG_WARN_SUSPICIOUS_MOVE = YES;
				CLANG_WARN_UNGUARDED_AVAILABILITY = YES_AGGRESSIVE;
				CLANG_WARN_UNREACHABLE_CODE = YES;
				CLANG_WARN__DUPLICATE_METHOD_MATCH = YES;
				COPY_PHASE_STRIP = NO;
				DEBUG_INFORMATION_FORMAT = "dwarf-with-dsym";
				ENABLE_NS_ASSERTIONS = NO;
				ENABLE_STRICT_OBJC_MSGSEND = YES;
				GCC_C_LANGUAGE_STANDARD = gnu11;
				GCC_NO_COMMON_BLOCKS = YES;
				GCC_WARN_64_TO_32_BIT_CONVERSION = YES;
				GCC_WARN_ABOUT_RETURN_TYPE = YES_ERROR;
				GCC_WARN_UNDECLARED_SELECTOR = YES;
				GCC_WARN_UNINITIALIZED_AUTOS = YES_AGGRESSIVE;
				GCC_WARN_UNUSED_FUNCTION = YES;
				GCC_WARN_UNUSED_VARIABLE = YES;
				IPHONEOS_DEPLOYMENT_TARGET = 13.2;
				MTL_ENABLE_DEBUG_INFO = NO;
				MTL_FAST_MATH = YES;
				SDKROOT = iphoneos;
				SWIFT_COMPILATION_MODE = wholemodule;
				SWIFT_OPTIMIZATION_LEVEL = "-O";
				VALIDATE_PRODUCT = YES;
			};
			name = Release;
		};
		D73F8D4B24772F8500BC4165 /* Debug */ = {
			isa = XCBuildConfiguration;
			buildSettings = {
				ASSETCATALOG_COMPILER_APPICON_NAME = AppIcon;
				CODE_SIGN_STYLE = Automatic;
				DEVELOPMENT_TEAM = U5LX3T73Y8;
				INFOPLIST_FILE = NYPopular/Info.plist;
				LD_RUNPATH_SEARCH_PATHS = (
					"$(inherited)",
					"@executable_path/Frameworks",
				);
				PRODUCT_BUNDLE_IDENTIFIER = com.salah.NYPopular;
				PRODUCT_NAME = "$(TARGET_NAME)";
				SWIFT_VERSION = 5.0;
				TARGETED_DEVICE_FAMILY = "1,2";
			};
			name = Debug;
		};
		D73F8D4C24772F8500BC4165 /* Release */ = {
			isa = XCBuildConfiguration;
			buildSettings = {
				ASSETCATALOG_COMPILER_APPICON_NAME = AppIcon;
				CODE_SIGN_STYLE = Automatic;
				DEVELOPMENT_TEAM = U5LX3T73Y8;
				INFOPLIST_FILE = NYPopular/Info.plist;
				LD_RUNPATH_SEARCH_PATHS = (
					"$(inherited)",
					"@executable_path/Frameworks",
				);
				PRODUCT_BUNDLE_IDENTIFIER = com.salah.NYPopular;
				PRODUCT_NAME = "$(TARGET_NAME)";
				SWIFT_VERSION = 5.0;
				TARGETED_DEVICE_FAMILY = "1,2";
			};
			name = Release;
		};
		D73F8D4E24772F8500BC4165 /* Debug */ = {
			isa = XCBuildConfiguration;
			buildSettings = {
				ALWAYS_EMBED_SWIFT_STANDARD_LIBRARIES = YES;
				BUNDLE_LOADER = "$(TEST_HOST)";
				CODE_SIGN_STYLE = Automatic;
				DEVELOPMENT_TEAM = U5LX3T73Y8;
				INFOPLIST_FILE = NYPopularTests/Info.plist;
				IPHONEOS_DEPLOYMENT_TARGET = 13.2;
				LD_RUNPATH_SEARCH_PATHS = (
					"$(inherited)",
					"@executable_path/Frameworks",
					"@loader_path/Frameworks",
				);
				PRODUCT_BUNDLE_IDENTIFIER = com.salah.NYPopularTests;
				PRODUCT_NAME = "$(TARGET_NAME)";
				SWIFT_VERSION = 5.0;
				TARGETED_DEVICE_FAMILY = "1,2";
				TEST_HOST = "$(BUILT_PRODUCTS_DIR)/NYPopular.app/NYPopular";
			};
			name = Debug;
		};
		D73F8D4F24772F8500BC4165 /* Release */ = {
			isa = XCBuildConfiguration;
			buildSettings = {
				ALWAYS_EMBED_SWIFT_STANDARD_LIBRARIES = YES;
				BUNDLE_LOADER = "$(TEST_HOST)";
				CODE_SIGN_STYLE = Automatic;
				DEVELOPMENT_TEAM = U5LX3T73Y8;
				INFOPLIST_FILE = NYPopularTests/Info.plist;
				IPHONEOS_DEPLOYMENT_TARGET = 13.2;
				LD_RUNPATH_SEARCH_PATHS = (
					"$(inherited)",
					"@executable_path/Frameworks",
					"@loader_path/Frameworks",
				);
				PRODUCT_BUNDLE_IDENTIFIER = com.salah.NYPopularTests;
				PRODUCT_NAME = "$(TARGET_NAME)";
				SWIFT_VERSION = 5.0;
				TARGETED_DEVICE_FAMILY = "1,2";
				TEST_HOST = "$(BUILT_PRODUCTS_DIR)/NYPopular.app/NYPopular";
			};
			name = Release;
		};
		D73F8D5124772F8500BC4165 /* Debug */ = {
			isa = XCBuildConfiguration;
			buildSettings = {
				ALWAYS_EMBED_SWIFT_STANDARD_LIBRARIES = YES;
				CODE_SIGN_STYLE = Automatic;
				DEVELOPMENT_TEAM = U5LX3T73Y8;
				INFOPLIST_FILE = NYPopularUITests/Info.plist;
				LD_RUNPATH_SEARCH_PATHS = (
					"$(inherited)",
					"@executable_path/Frameworks",
					"@loader_path/Frameworks",
				);
				PRODUCT_BUNDLE_IDENTIFIER = com.salah.NYPopularUITests;
				PRODUCT_NAME = "$(TARGET_NAME)";
				SWIFT_VERSION = 5.0;
				TARGETED_DEVICE_FAMILY = "1,2";
				TEST_TARGET_NAME = NYPopular;
			};
			name = Debug;
		};
		D73F8D5224772F8500BC4165 /* Release */ = {
			isa = XCBuildConfiguration;
			buildSettings = {
				ALWAYS_EMBED_SWIFT_STANDARD_LIBRARIES = YES;
				CODE_SIGN_STYLE = Automatic;
				DEVELOPMENT_TEAM = U5LX3T73Y8;
				INFOPLIST_FILE = NYPopularUITests/Info.plist;
				LD_RUNPATH_SEARCH_PATHS = (
					"$(inherited)",
					"@executable_path/Frameworks",
					"@loader_path/Frameworks",
				);
				PRODUCT_BUNDLE_IDENTIFIER = com.salah.NYPopularUITests;
				PRODUCT_NAME = "$(TARGET_NAME)";
				SWIFT_VERSION = 5.0;
				TARGETED_DEVICE_FAMILY = "1,2";
				TEST_TARGET_NAME = NYPopular;
			};
			name = Release;
		};
/* End XCBuildConfiguration section */

/* Begin XCConfigurationList section */
		D73F8D1B24772F8100BC4165 /* Build configuration list for PBXProject "NYPopular" */ = {
			isa = XCConfigurationList;
			buildConfigurations = (
				D73F8D4824772F8500BC4165 /* Debug */,
				D73F8D4924772F8500BC4165 /* Release */,
			);
			defaultConfigurationIsVisible = 0;
			defaultConfigurationName = Release;
		};
		D73F8D4A24772F8500BC4165 /* Build configuration list for PBXNativeTarget "NYPopular" */ = {
			isa = XCConfigurationList;
			buildConfigurations = (
				D73F8D4B24772F8500BC4165 /* Debug */,
				D73F8D4C24772F8500BC4165 /* Release */,
			);
			defaultConfigurationIsVisible = 0;
			defaultConfigurationName = Release;
		};
		D73F8D4D24772F8500BC4165 /* Build configuration list for PBXNativeTarget "NYPopularTests" */ = {
			isa = XCConfigurationList;
			buildConfigurations = (
				D73F8D4E24772F8500BC4165 /* Debug */,
				D73F8D4F24772F8500BC4165 /* Release */,
			);
			defaultConfigurationIsVisible = 0;
			defaultConfigurationName = Release;
		};
		D73F8D5024772F8500BC4165 /* Build configuration list for PBXNativeTarget "NYPopularUITests" */ = {
			isa = XCConfigurationList;
			buildConfigurations = (
				D73F8D5124772F8500BC4165 /* Debug */,
				D73F8D5224772F8500BC4165 /* Release */,
			);
			defaultConfigurationIsVisible = 0;
			defaultConfigurationName = Release;
		};
/* End XCConfigurationList section */
	};
	rootObject = D73F8D1824772F8100BC4165 /* Project object */;
}
